
Microsoft Visual Studio Solution File, Format Version 12.00
# Visual Studio Version 17
VisualStudioVersion = 17.14.36203.30 d17.14
MinimumVisualStudioVersion = 10.0.40219.1
Project("{FAE04EC0-301F-11D3-BF4B-00C04F79EFBC}") = "ControleDeBar.ConsoleApp", "ControleDeBar.ConsoleApp\ControleDeBar.ConsoleApp.csproj", "{82176121-E5EA-4FF1-B4F5-779ABBC3AAA0}"
EndProject
Global
	GlobalSection(SolutionConfigurationPlatforms) = preSolution
		Debug|Any CPU = Debug|Any CPU
		Release|Any CPU = Release|Any CPU
	EndGlobalSection
	GlobalSection(ProjectConfigurationPlatforms) = postSolution
		{82176121-E5EA-4FF1-B4F5-779ABBC3AAA0}.Debug|Any CPU.ActiveCfg = Debug|Any CPU
		{82176121-E5EA-4FF1-B4F5-779ABBC3AAA0}.Debug|Any CPU.Build.0 = Debug|Any CPU
		{82176121-E5EA-4FF1-B4F5-779ABBC3AAA0}.Release|Any CPU.ActiveCfg = Release|Any CPU
		{82176121-E5EA-4FF1-B4F5-779ABBC3AAA0}.Release|Any CPU.Build.0 = Release|Any CPU
	EndGlobalSection
	GlobalSection(SolutionProperties) = preSolution
		HideSolutionNode = FALSE
	EndGlobalSection
	GlobalSection(ExtensibilityGlobals) = postSolution
		SolutionGuid = {6CB76B5F-F2B5-4D03-8440-1F0018626844}
	EndGlobalSection
EndGlobal
